
Microsoft Visual Studio Solution File, Format Version 12.00
# Visual Studio 15
VisualStudioVersion = 15.0.28010.2041
MinimumVisualStudioVersion = 10.0.40219.1
Project("{FAE04EC0-301F-11D3-BF4B-00C04F79EFBC}") = "ExceptionExample", "ExceptionExample\ExceptionExample.csproj", "{6D2B58C9-1D3D-4B9A-8936-6D7A2AC4FFE9}"
EndProject
Global
	GlobalSection(SolutionConfigurationPlatforms) = preSolution
		Debug|Any CPU = Debug|Any CPU
		Release|Any CPU = Release|Any CPU
	EndGlobalSection
	GlobalSection(ProjectConfigurationPlatforms) = postSolution
		{6D2B58C9-1D3D-4B9A-8936-6D7A2AC4FFE9}.Debug|Any CPU.ActiveCfg = Debug|Any CPU
		{6D2B58C9-1D3D-4B9A-8936-6D7A2AC4FFE9}.Debug|Any CPU.Build.0 = Debug|Any CPU
		{6D2B58C9-1D3D-4B9A-8936-6D7A2AC4FFE9}.Release|Any CPU.ActiveCfg = Release|Any CPU
		{6D2B58C9-1D3D-4B9A-8936-6D7A2AC4FFE9}.Release|Any CPU.Build.0 = Release|Any CPU
	EndGlobalSection
	GlobalSection(SolutionProperties) = preSolution
		HideSolutionNode = FALSE
	EndGlobalSection
	GlobalSection(ExtensibilityGlobals) = postSolution
		SolutionGuid = {FB35A358-4B24-4359-B712-1378927ABAA9}
	EndGlobalSection
EndGlobal
