
Microsoft Visual Studio Solution File, Format Version 12.00
# Visual Studio 15
VisualStudioVersion = 15.0.28010.2041
MinimumVisualStudioVersion = 10.0.40219.1
Project("{9A19103F-16F7-4668-BE54-9A1E7A4F7556}") = "EmbeddedConnectorExample", "EmbeddedConnectorExample\EmbeddedConnectorExample.csproj", "{9CAB5979-1967-4940-AE39-5B80976B86E4}"
EndProject
Project("{9A19103F-16F7-4668-BE54-9A1E7A4F7556}") = "RemoteConnectorExample", "RemoteConnectorExample\RemoteConnectorExample.csproj", "{C503FDDD-9104-4F8D-B880-9763F19B3303}"
EndProject
Project("{9A19103F-16F7-4668-BE54-9A1E7A4F7556}") = "AsyncExample", "AsyncExample\AsyncExample.csproj", "{E4AAB65E-B42F-473B-92BC-85AEE2E79DE3}"
EndProject
Project("{9A19103F-16F7-4668-BE54-9A1E7A4F7556}") = "ExceptionExample", "ExceptionExample\ExceptionExample.csproj", "{F6FABB11-2C62-4D75-A05A-5C4251D8ECDC}"
EndProject
Project("{9A19103F-16F7-4668-BE54-9A1E7A4F7556}") = "ConnectionExample", "ConnectionExample\ConnectionExample.csproj", "{24461131-0B01-453C-AB1D-668AFE532286}"
EndProject
Project("{9A19103F-16F7-4668-BE54-9A1E7A4F7556}") = "PingTimeoutExample", "PingTimeoutExample\PingTimeoutExample.csproj", "{D5833955-40B4-48B8-800F-A82C8025FD1B}"
EndProject
Project("{FAE04EC0-301F-11D3-BF4B-00C04F79EFBC}") = "DeviceEnumerationExample", "DeviceEnumerationExample\DeviceEnumerationExample.csproj", "{F5B1B177-D186-4083-AE8B-25DEDC697787}"
EndProject
Project("{FAE04EC0-301F-11D3-BF4B-00C04F79EFBC}") = "DeviceControlExample", "DeviceControlExample\DeviceControlExample.csproj", "{92EEB153-28C8-466A-8DE8-A50B014CB36E}"
EndProject
Global
	GlobalSection(SolutionConfigurationPlatforms) = preSolution
		Debug|Any CPU = Debug|Any CPU
		Release|Any CPU = Release|Any CPU
	EndGlobalSection
	GlobalSection(ProjectConfigurationPlatforms) = postSolution
		{9CAB5979-1967-4940-AE39-5B80976B86E4}.Debug|Any CPU.ActiveCfg = Debug|Any CPU
		{9CAB5979-1967-4940-AE39-5B80976B86E4}.Debug|Any CPU.Build.0 = Debug|Any CPU
		{9CAB5979-1967-4940-AE39-5B80976B86E4}.Release|Any CPU.ActiveCfg = Release|Any CPU
		{9CAB5979-1967-4940-AE39-5B80976B86E4}.Release|Any CPU.Build.0 = Release|Any CPU
		{C503FDDD-9104-4F8D-B880-9763F19B3303}.Debug|Any CPU.ActiveCfg = Debug|Any CPU
		{C503FDDD-9104-4F8D-B880-9763F19B3303}.Debug|Any CPU.Build.0 = Debug|Any CPU
		{C503FDDD-9104-4F8D-B880-9763F19B3303}.Release|Any CPU.ActiveCfg = Release|Any CPU
		{C503FDDD-9104-4F8D-B880-9763F19B3303}.Release|Any CPU.Build.0 = Release|Any CPU
		{E4AAB65E-B42F-473B-92BC-85AEE2E79DE3}.Debug|Any CPU.ActiveCfg = Debug|Any CPU
		{E4AAB65E-B42F-473B-92BC-85AEE2E79DE3}.Debug|Any CPU.Build.0 = Debug|Any CPU
		{E4AAB65E-B42F-473B-92BC-85AEE2E79DE3}.Release|Any CPU.ActiveCfg = Release|Any CPU
		{E4AAB65E-B42F-473B-92BC-85AEE2E79DE3}.Release|Any CPU.Build.0 = Release|Any CPU
		{F6FABB11-2C62-4D75-A05A-5C4251D8ECDC}.Debug|Any CPU.ActiveCfg = Debug|Any CPU
		{F6FABB11-2C62-4D75-A05A-5C4251D8ECDC}.Debug|Any CPU.Build.0 = Debug|Any CPU
		{F6FABB11-2C62-4D75-A05A-5C4251D8ECDC}.Release|Any CPU.ActiveCfg = Release|Any CPU
		{F6FABB11-2C62-4D75-A05A-5C4251D8ECDC}.Release|Any CPU.Build.0 = Release|Any CPU
		{24461131-0B01-453C-AB1D-668AFE532286}.Debug|Any CPU.ActiveCfg = Debug|Any CPU
		{24461131-0B01-453C-AB1D-668AFE532286}.Debug|Any CPU.Build.0 = Debug|Any CPU
		{24461131-0B01-453C-AB1D-668AFE532286}.Release|Any CPU.ActiveCfg = Release|Any CPU
		{24461131-0B01-453C-AB1D-668AFE532286}.Release|Any CPU.Build.0 = Release|Any CPU
		{D5833955-40B4-48B8-800F-A82C8025FD1B}.Debug|Any CPU.ActiveCfg = Debug|Any CPU
		{D5833955-40B4-48B8-800F-A82C8025FD1B}.Debug|Any CPU.Build.0 = Debug|Any CPU
		{D5833955-40B4-48B8-800F-A82C8025FD1B}.Release|Any CPU.ActiveCfg = Release|Any CPU
		{D5833955-40B4-48B8-800F-A82C8025FD1B}.Release|Any CPU.Build.0 = Release|Any CPU
		{F5B1B177-D186-4083-AE8B-25DEDC697787}.Debug|Any CPU.ActiveCfg = Debug|Any CPU
		{F5B1B177-D186-4083-AE8B-25DEDC697787}.Debug|Any CPU.Build.0 = Debug|Any CPU
		{F5B1B177-D186-4083-AE8B-25DEDC697787}.Release|Any CPU.ActiveCfg = Release|Any CPU
		{F5B1B177-D186-4083-AE8B-25DEDC697787}.Release|Any CPU.Build.0 = Release|Any CPU
		{92EEB153-28C8-466A-8DE8-A50B014CB36E}.Debug|Any CPU.ActiveCfg = Debug|Any CPU
		{92EEB153-28C8-466A-8DE8-A50B014CB36E}.Debug|Any CPU.Build.0 = Debug|Any CPU
		{92EEB153-28C8-466A-8DE8-A50B014CB36E}.Release|Any CPU.ActiveCfg = Release|Any CPU
		{92EEB153-28C8-466A-8DE8-A50B014CB36E}.Release|Any CPU.Build.0 = Release|Any CPU
	EndGlobalSection
	GlobalSection(SolutionProperties) = preSolution
		HideSolutionNode = FALSE
	EndGlobalSection
	GlobalSection(ExtensibilityGlobals) = postSolution
		SolutionGuid = {FB35A358-4B24-4359-B712-1378927ABAA9}
	EndGlobalSection
EndGlobal
